{
    "_meta": {
        "hash": {
            "sha256": "7e9afe64c33eed789fed55a1d27cfeb6b2a0fcfe2606b0cff5554d63c0b38816"
        },
        "pipfile-spec": 6,
        "requires": {
            "python_version": "3"
        },
        "sources": [
            {
                "name": "pypi",
                "url": "https://pypi.org/simple",
                "verify_ssl": true
            }
        ]
    },
    "default": {
        "pillow": {
            "hashes": [
                "sha256:066f3999cb3b070a95c3652712cffa1a748cd02d60ad7b4e485c3748a04d9d76",
                "sha256:0a0956fdc5defc34462bb1c765ee88d933239f9a94bc37d132004775241a7585",
                "sha256:0b052a619a8bfcf26bd8b3f48f45283f9e977890263e4571f2393ed8898d331b",
                "sha256:1394a6ad5abc838c5cd8a92c5a07535648cdf6d09e8e2d6df916dfa9ea86ead8",
                "sha256:1bc723b434fbc4ab50bb68e11e93ce5fb69866ad621e3c2c9bdb0cd70e345f55",
                "sha256:244cf3b97802c34c41905d22810846802a3329ddcb93ccc432870243211c79fc",
                "sha256:25a49dc2e2f74e65efaa32b153527fc5ac98508d502fa46e74fa4fd678ed6645",
                "sha256:2e4440b8f00f504ee4b53fe30f4e381aae30b0568193be305256b1462216feff",
                "sha256:3862b7256046fcd950618ed22d1d60b842e3a40a48236a5498746f21189afbbc",
                "sha256:3eb1ce5f65908556c2d8685a8f0a6e989d887ec4057326f6c22b24e8a172c66b",
                "sha256:3f97cfb1e5a392d75dd8b9fd274d205404729923840ca94ca45a0af57e13dbe6",
                "sha256:493cb4e415f44cd601fcec11c99836f707bb714ab03f5ed46ac25713baf0ff20",
                "sha256:4acc0985ddf39d1bc969a9220b51d94ed51695d455c228d8ac29fcdb25810e6e",
                "sha256:5503c86916d27c2e101b7f71c2ae2cddba01a2cf55b8395b0255fd33fa4d1f1a",
                "sha256:5b7bb9de00197fb4261825c15551adf7605cf14a80badf1761d61e59da347779",
                "sha256:5e9ac5f66616b87d4da618a20ab0a38324dbe88d8a39b55be8964eb520021e02",
                "sha256:620582db2a85b2df5f8a82ddeb52116560d7e5e6b055095f04ad828d1b0baa39",
                "sha256:62cc1afda735a8d109007164714e73771b499768b9bb5afcbbee9d0ff374b43f",
                "sha256:70ad9e5c6cb9b8487280a02c0ad8a51581dcbbe8484ce058477692a27c151c0a",
                "sha256:72b9e656e340447f827885b8d7a15fc8c4e68d410dc2297ef6787eec0f0ea409",
                "sha256:72cbcfd54df6caf85cc35264c77ede902452d6df41166010262374155947460c",
                "sha256:792e5c12376594bfcb986ebf3855aa4b7c225754e9a9521298e460e92fb4a488",
                "sha256:7b7017b61bbcdd7f6363aeceb881e23c46583739cb69a3ab39cb384f6ec82e5b",
                "sha256:81f8d5c81e483a9442d72d182e1fb6dcb9723f289a57e8030811bac9ea3fef8d",
                "sha256:82aafa8d5eb68c8463b6e9baeb4f19043bb31fefc03eb7b216b51e6a9981ae09",
                "sha256:84c471a734240653a0ec91dec0996696eea227eafe72a33bd06c92697728046b",
                "sha256:8c803ac3c28bbc53763e6825746f05cc407b20e4a69d0122e526a582e3b5e153",
                "sha256:93ce9e955cc95959df98505e4608ad98281fff037350d8c2671c9aa86bcf10a9",
                "sha256:9a3e5ddc44c14042f0844b8cf7d2cd455f6cc80fd7f5eefbe657292cf601d9ad",
                "sha256:a4901622493f88b1a29bd30ec1a2f683782e57c3c16a2dbc7f2595ba01f639df",
                "sha256:a5a4532a12314149d8b4e4ad8ff09dde7427731fcfa5917ff16d0291f13609df",
                "sha256:b8831cb7332eda5dc89b21a7bce7ef6ad305548820595033a4b03cf3091235ed",
                "sha256:b8e2f83c56e141920c39464b852de3719dfbfb6e3c99a2d8da0edf4fb33176ed",
                "sha256:c70e94281588ef053ae8998039610dbd71bc509e4acbc77ab59d7d2937b10698",
                "sha256:c8a17b5d948f4ceeceb66384727dde11b240736fddeda54ca740b9b8b1556b29",
                "sha256:d82cdb63100ef5eedb8391732375e6d05993b765f72cb34311fab92103314649",
                "sha256:d89363f02658e253dbd171f7c3716a5d340a24ee82d38aab9183f7fdf0cdca49",
                "sha256:d99ec152570e4196772e7a8e4ba5320d2d27bf22fdf11743dd882936ed64305b",
                "sha256:ddc4d832a0f0b4c52fff973a0d44b6c99839a9d016fe4e6a1cb8f3eea96479c2",
                "sha256:e3dacecfbeec9a33e932f00c6cd7996e62f53ad46fbe677577394aaa90ee419a",
                "sha256:eb9fc393f3c61f9054e1ed26e6fe912c7321af2f41ff49d3f83d05bacf22cc78"
            ],
            "index": "pypi",
            "version": "==8.4.0"
        },
        "pycairo": {
            "hashes": [
                "sha256:1a6d8e0f353062ad92954784e33dbbaf66c880c9c30e947996c542ed9748aaaf",
                "sha256:2dec5378133778961993fb59d66df16070e03f4d491b67eb695ca9ad7a696008",
                "sha256:3a71f758e461180d241e62ef52e85499c843bd2660fd6d87cec99c9833792bfa",
                "sha256:564601e5f528531c6caec1c0177c3d0709081e1a2a5cccc13561f715080ae535",
                "sha256:82e335774a17870bc038e0c2fb106c1e5e7ad0c764662023886dfcfce5bb5a52",
                "sha256:87efd62a7b7afad9a0a420f05b6008742a6cfc59077697be65afe8dc73ae15ad",
                "sha256:9b61ac818723adc04367301317eb2e814a83522f07bbd1f409af0dada463c44c",
                "sha256:a4b1f525bbdf637c40f4d91378de36c01ec2b7f8ecc585b700a079b9ff83298e",
                "sha256:d6bacff15d688ed135b4567965a4b664d9fb8de7417a7865bb138ad612043c9f",
                "sha256:e7cde633986435d87a86b6118b7b6109c384266fd719ef959883e2729f6eafae",
                "sha256:ec305fc7f2f0299df78aadec0eaf6eb9accb90eda242b5d3492544d3f2b28027"
            ],
            "markers": "python_version >= '3.7'",
            "version": "==1.23.0"
        },
        "pygobject": {
            "hashes": [
                "sha256:21524cef33100c8fd59dc135948b703d79d303e368ce71fa60521cc971cd8aa7"
            ],
            "index": "pypi",
            "version": "==3.42.2"
        }
    },
    "develop": {
        "black": {
            "hashes": [
                "sha256:0b945a5a1e5a5321f884de0061d5a8585d947c9b608e37b6d26ceee4dfdf4b62",
                "sha256:4db1d8027ce7ae53f0ccf02b0be0b8808fefb291d6cb1543420f4165d96d364c",
                "sha256:5fb7641d442ede92538bc70fa0201f884753a7d0f62f26c722b7b00301b95902",
                "sha256:63330069d8ec909cf4e2c4d43a7f00aeb03335430ef9fec6cd2328e6ebde8a77",
                "sha256:793c9176beb2adf295f6b863d9a4dc953fe2ac359ca3da108d71d14cb2c09e52",
                "sha256:85dede655442f5e246e7abd667fe07e14916897ba52f3640b5489bf11f7dbf67",
                "sha256:88288a645402106b8eb9f50d7340ae741e16240bb01c2eed8466549153daa96e",
                "sha256:88ec25a64063945b4591b6378bead544c5d3260de1c93ad96f3ad2d76ddd76fd",
                "sha256:8dff6f0157e47fbbeada046fca144b6557d3be2fb2602d668881cd179f04a352",
                "sha256:ca658b69260a18bf7aa0b0a6562dbbd304a737487d1318998aaca5a75901fd2c",
                "sha256:ddbf9da228726d46f45c29024263e160d41030a415097254817d65127012d1a2",
                "sha256:e88e4b633d64b9e7adc4a6b922f52bb204af9f90d7b1e3317e6490f2b598b1ea"
            ],
            "index": "pypi",
            "version": "==23.1a1"
        },
        "click": {
            "hashes": [
                "sha256:7682dc8afb30297001674575ea00d1814d808d6a36af415a82bd481d37ba7b8e",
                "sha256:bb4d8133cb15a609f44e8213d9b391b0809795062913b383c62be0ee95b1db48"
            ],
            "markers": "python_version >= '3.7'",
            "version": "==8.1.3"
        },
        "mypy-extensions": {
            "hashes": [
                "sha256:090fedd75945a69ae91ce1303b5824f428daf5a028d2f6ab8a299250a846f15d",
                "sha256:2d82818f5bb3e369420cb3c4060a7970edba416647068eb4c5343488a6c604a8"
            ],
            "version": "==0.4.3"
        },
        "pathspec": {
            "hashes": [
                "sha256:3c95343af8b756205e2aba76e843ba9520a24dd84f68c22b9f93251507509dd6",
                "sha256:56200de4077d9d0791465aa9095a01d421861e405b5096955051deefd697d6f6"
            ],
            "markers": "python_version >= '3.7'",
            "version": "==0.10.3"
        },
        "platformdirs": {
            "hashes": [
                "sha256:83c8f6d04389165de7c9b6f0c682439697887bca0aa2f1c87ef1826be3584490",
                "sha256:e1fea1fe471b9ff8332e229df3cb7de4f53eeea4998d3b6bfff542115e998bd2"
            ],
            "markers": "python_version >= '3.7'",
            "version": "==2.6.2"
        },
        "tomli": {
            "hashes": [
                "sha256:939de3e7a6161af0c887ef91b7d41a53e7c5a1ca976325f429cb46ea9bc30ecc",
                "sha256:de526c12914f0c550d15924c62d72abc48d6fe7364aa87328337a31007fe8a4f"
            ],
            "markers": "python_version < '3.11'",
            "version": "==2.0.1"
        }
    }
}
